
Microsoft Visual Studio Solution File, Format Version 12.00
# Visual Studio 2012
Project("{FAE04EC0-301F-11D3-BF4B-00C04F79EFBC}") = "CANMonitor", "CANMonitor\CANMonitor.csproj", "{079894F6-FFA1-403C-A82B-875DE6EE58DB}"
EndProject
Global
	GlobalSection(SolutionConfigurationPlatforms) = preSolution
		Debug|Any CPU = Debug|Any CPU
		Release|Any CPU = Release|Any CPU
	EndGlobalSection
	GlobalSection(ProjectConfigurationPlatforms) = postSolution
		{079894F6-FFA1-403C-A82B-875DE6EE58DB}.Debug|Any CPU.ActiveCfg = Debug|Any CPU
		{079894F6-FFA1-403C-A82B-875DE6EE58DB}.Debug|Any CPU.Build.0 = Debug|Any CPU
		{079894F6-FFA1-403C-A82B-875DE6EE58DB}.Release|Any CPU.ActiveCfg = Release|Any CPU
		{079894F6-FFA1-403C-A82B-875DE6EE58DB}.Release|Any CPU.Build.0 = Release|Any CPU
	EndGlobalSection
	GlobalSection(SolutionProperties) = preSolution
		HideSolutionNode = FALSE
	EndGlobalSection
EndGlobal
